<Solution>
  <Folder Name="/module/">
    <Project Path="module/Simple.Compiler.Module/Simple.Compiler.Module.csproj" />
  </Folder>
  <Folder Name="/src/">
    <Project Path="src/Simple.Compiler.Cli/Simple.Compiler.Cli.csproj" />
    <Project Path="src/Simple.Compiler/Simple.Compiler.csproj" />
  </Folder>
  <Folder Name="/tests/">
    <Project Path="tests/Simple.Compiler.Tests/Simple.Compiler.Tests.csproj" />
  </Folder>
</Solution>
